
Microsoft Visual Studio Solution File, Format Version 12.00
# Visual Studio Version 17
VisualStudioVersion = 17.7.34202.233
MinimumVisualStudioVersion = 10.0.40219.1
Project("{FAE04EC0-301F-11D3-BF4B-00C04F79EFBC}") = "P3_1_714220068", "P3_1_714220068.csproj", "{A64A979E-7510-4C4A-B04A-67A40080983C}"
EndProject
Global
	GlobalSection(SolutionConfigurationPlatforms) = preSolution
		Debug|Any CPU = Debug|Any CPU
		Release|Any CPU = Release|Any CPU
	EndGlobalSection
	GlobalSection(ProjectConfigurationPlatforms) = postSolution
		{A64A979E-7510-4C4A-B04A-67A40080983C}.Debug|Any CPU.ActiveCfg = Debug|Any CPU
		{A64A979E-7510-4C4A-B04A-67A40080983C}.Debug|Any CPU.Build.0 = Debug|Any CPU
		{A64A979E-7510-4C4A-B04A-67A40080983C}.Release|Any CPU.ActiveCfg = Release|Any CPU
		{A64A979E-7510-4C4A-B04A-67A40080983C}.Release|Any CPU.Build.0 = Release|Any CPU
	EndGlobalSection
	GlobalSection(SolutionProperties) = preSolution
		HideSolutionNode = FALSE
	EndGlobalSection
	GlobalSection(ExtensibilityGlobals) = postSolution
		SolutionGuid = {C16DFC7E-3AF3-4162-8165-461522AA99FF}
	EndGlobalSection
EndGlobal
